
Microsoft Visual Studio Solution File, Format Version 12.00
# Visual Studio Version 17
VisualStudioVersion = 17.5.002.0
MinimumVisualStudioVersion = 10.0.40219.1
Project("{2150E333-8FDC-42A3-9474-1A3956D46DE8}") = "backend", "backend", "{EFE27D05-6803-4A96-AFCA-D0FA289642DC}"
EndProject
Project("{9A19103F-16F7-4668-BE54-9A1E7A4F7556}") = "api", "backend\api\api.csproj", "{5074127C-BE63-453F-A640-9DFB312854FF}"
EndProject
Global
	GlobalSection(SolutionConfigurationPlatforms) = preSolution
		Debug|Any CPU = Debug|Any CPU
		Release|Any CPU = Release|Any CPU
	EndGlobalSection
	GlobalSection(ProjectConfigurationPlatforms) = postSolution
		{5074127C-BE63-453F-A640-9DFB312854FF}.Debug|Any CPU.ActiveCfg = Debug|Any CPU
		{5074127C-BE63-453F-A640-9DFB312854FF}.Debug|Any CPU.Build.0 = Debug|Any CPU
		{5074127C-BE63-453F-A640-9DFB312854FF}.Release|Any CPU.ActiveCfg = Release|Any CPU
		{5074127C-BE63-453F-A640-9DFB312854FF}.Release|Any CPU.Build.0 = Release|Any CPU
	EndGlobalSection
	GlobalSection(SolutionProperties) = preSolution
		HideSolutionNode = FALSE
	EndGlobalSection
	GlobalSection(NestedProjects) = preSolution
		{5074127C-BE63-453F-A640-9DFB312854FF} = {EFE27D05-6803-4A96-AFCA-D0FA289642DC}
	EndGlobalSection
	GlobalSection(ExtensibilityGlobals) = postSolution
		SolutionGuid = {FB6F24EF-0935-41B7-8258-23816F551F35}
	EndGlobalSection
EndGlobal
